
Microsoft Visual Studio Solution File, Format Version 11.00
# Visual Studio 2010
Project("{2150E333-8FDC-42A3-9474-1A3956D46DE8}") = "Solution Items", "Solution Items", "{C499307F-BDEF-45F1-8440-69260032486D}"
	ProjectSection(SolutionItems) = preProject
		GDefault.vsmdi = GDefault.vsmdi
		Local.testsettings = Local.testsettings
		TraceAndTestImpact.testsettings = TraceAndTestImpact.testsettings
	EndProjectSection
EndProject
Project("{FAE04EC0-301F-11D3-BF4B-00C04F79EFBC}") = "GAssignation", "GAssignation\GAssignation.csproj", "{B20F280D-93B3-4EC1-AF03-99C5049BB61E}"
EndProject
Project("{FAE04EC0-301F-11D3-BF4B-00C04F79EFBC}") = "GAssignationTest", "GAssignationTest\GAssignationTest.csproj", "{0EE213F5-071D-459E-85D9-911A7C1E62C9}"
EndProject
Global
	GlobalSection(TestCaseManagementSettings) = postSolution
		CategoryFile = GDefault.vsmdi
	EndGlobalSection
	GlobalSection(SolutionConfigurationPlatforms) = preSolution
		Debug|Any CPU = Debug|Any CPU
		Release|Any CPU = Release|Any CPU
	EndGlobalSection
	GlobalSection(ProjectConfigurationPlatforms) = postSolution
		{B20F280D-93B3-4EC1-AF03-99C5049BB61E}.Debug|Any CPU.ActiveCfg = Debug|Any CPU
		{B20F280D-93B3-4EC1-AF03-99C5049BB61E}.Debug|Any CPU.Build.0 = Debug|Any CPU
		{B20F280D-93B3-4EC1-AF03-99C5049BB61E}.Release|Any CPU.ActiveCfg = Release|Any CPU
		{B20F280D-93B3-4EC1-AF03-99C5049BB61E}.Release|Any CPU.Build.0 = Release|Any CPU
		{0EE213F5-071D-459E-85D9-911A7C1E62C9}.Debug|Any CPU.ActiveCfg = Debug|Any CPU
		{0EE213F5-071D-459E-85D9-911A7C1E62C9}.Debug|Any CPU.Build.0 = Debug|Any CPU
		{0EE213F5-071D-459E-85D9-911A7C1E62C9}.Release|Any CPU.ActiveCfg = Release|Any CPU
		{0EE213F5-071D-459E-85D9-911A7C1E62C9}.Release|Any CPU.Build.0 = Release|Any CPU
	EndGlobalSection
	GlobalSection(SolutionProperties) = preSolution
		HideSolutionNode = FALSE
	EndGlobalSection
EndGlobal
